// !$*UTF8*$!
{
	archiveVersion = 1;
	classes = {
	};
	objectVersion = 55;
	objects = {

/* Begin PBXBuildFile section */
		A7C0B771299BD91600FC9C15 /* AppDelegate.swift in Sources */ = {isa = PBXBuildFile; fileRef = A7C0B770299BD91600FC9C15 /* AppDelegate.swift */; };
		A7C0B773299BD91600FC9C15 /* SceneDelegate.swift in Sources */ = {isa = PBXBuildFile; fileRef = A7C0B772299BD91600FC9C15 /* SceneDelegate.swift */; };
		A7C0B775299BD91600FC9C15 /* ViewController.swift in Sources */ = {isa = PBXBuildFile; fileRef = A7C0B774299BD91600FC9C15 /* ViewController.swift */; };
		A7C0B778299BD91600FC9C15 /* Main.storyboard in Resources */ = {isa = PBXBuildFile; fileRef = A7C0B776299BD91600FC9C15 /* Main.storyboard */; };
		A7C0B77B299BD91600FC9C15 /* Pet_Tracker_Message_App.xcdatamodeld in Sources */ = {isa = PBXBuildFile; fileRef = A7C0B779299BD91600FC9C15 /* Pet_Tracker_Message_App.xcdatamodeld */; };
		A7C0B77D299BD91700FC9C15 /* Assets.xcassets in Resources */ = {isa = PBXBuildFile; fileRef = A7C0B77C299BD91700FC9C15 /* Assets.xcassets */; };
		A7C0B780299BD91700FC9C15 /* LaunchScreen.storyboard in Resources */ = {isa = PBXBuildFile; fileRef = A7C0B77E299BD91700FC9C15 /* LaunchScreen.storyboard */; };
		A7C0B78B299BD91800FC9C15 /* Pet_Tracker_Message_AppTests.swift in Sources */ = {isa = PBXBuildFile; fileRef = A7C0B78A299BD91800FC9C15 /* Pet_Tracker_Message_AppTests.swift */; };
		A7C0B795299BD91800FC9C15 /* Pet_Tracker_Message_AppUITests.swift in Sources */ = {isa = PBXBuildFile; fileRef = A7C0B794299BD91800FC9C15 /* Pet_Tracker_Message_AppUITests.swift */; };
		A7C0B797299BD91800FC9C15 /* Pet_Tracker_Message_AppUITestsLaunchTests.swift in Sources */ = {isa = PBXBuildFile; fileRef = A7C0B796299BD91800FC9C15 /* Pet_Tracker_Message_AppUITestsLaunchTests.swift */; };
		A7C0B7A4299BDBF800FC9C15 /* BluetoothSerial Class.swift in Sources */ = {isa = PBXBuildFile; fileRef = A7C0B7A3299BDBF800FC9C15 /* BluetoothSerial Class.swift */; };
		A7E08A6A299E790A00360F6F /* MessagesViewController.swift in Sources */ = {isa = PBXBuildFile; fileRef = A7E08A69299E790A00360F6F /* MessagesViewController.swift */; };
/* End PBXBuildFile section */

/* Begin PBXContainerItemProxy section */
		A7C0B787299BD91700FC9C15 /* PBXContainerItemProxy */ = {
			isa = PBXContainerItemProxy;
			containerPortal = A7C0B765299BD91500FC9C15 /* Project object */;
			proxyType = 1;
			remoteGlobalIDString = A7C0B76C299BD91500FC9C15;
			remoteInfo = "Pet Tracker Message App";
		};
		A7C0B791299BD91800FC9C15 /* PBXContainerItemProxy */ = {
			isa = PBXContainerItemProxy;
			containerPortal = A7C0B765299BD91500FC9C15 /* Project object */;
			proxyType = 1;
			remoteGlobalIDString = A7C0B76C299BD91500FC9C15;
			remoteInfo = "Pet Tracker Message App";
		};
/* End PBXContainerItemProxy section */

/* Begin PBXFileReference section */
		A7C0B76D299BD91500FC9C15 /* Pet Tracker Message App.app */ = {isa = PBXFileReference; explicitFileType = wrapper.application; includeInIndex = 0; path = "Pet Tracker Message App.app"; sourceTree = BUILT_PRODUCTS_DIR; };
		A7C0B770299BD91600FC9C15 /* AppDelegate.swift */ = {isa = PBXFileReference; lastKnownFileType = sourcecode.swift; path = AppDelegate.swift; sourceTree = "<group>"; };
		A7C0B772299BD91600FC9C15 /* SceneDelegate.swift */ = {isa = PBXFileReference; lastKnownFileType = sourcecode.swift; path = SceneDelegate.swift; sourceTree = "<group>"; };
		A7C0B774299BD91600FC9C15 /* ViewController.swift */ = {isa = PBXFileReference; lastKnownFileType = sourcecode.swift; path = ViewController.swift; sourceTree = "<group>"; };
		A7C0B777299BD91600FC9C15 /* Base */ = {isa = PBXFileReference; lastKnownFileType = file.storyboard; name = Base; path = Base.lproj/Main.storyboard; sourceTree = "<group>"; };
		A7C0B77A299BD91600FC9C15 /* Pet_Tracker_Message_App.xcdatamodel */ = {isa = PBXFileReference; lastKnownFileType = wrapper.xcdatamodel; path = Pet_Tracker_Message_App.xcdatamodel; sourceTree = "<group>"; };
		A7C0B77C299BD91700FC9C15 /* Assets.xcassets */ = {isa = PBXFileReference; lastKnownFileType = folder.assetcatalog; path = Assets.xcassets; sourceTree = "<group>"; };
		A7C0B77F299BD91700FC9C15 /* Base */ = {isa = PBXFileReference; lastKnownFileType = file.storyboard; name = Base; path = Base.lproj/LaunchScreen.storyboard; sourceTree = "<group>"; };
		A7C0B781299BD91700FC9C15 /* Info.plist */ = {isa = PBXFileReference; lastKnownFileType = text.plist.xml; path = Info.plist; sourceTree = "<group>"; };
		A7C0B786299BD91700FC9C15 /* Pet Tracker Message AppTests.xctest */ = {isa = PBXFileReference; explicitFileType = wrapper.cfbundle; includeInIndex = 0; path = "Pet Tracker Message AppTests.xctest"; sourceTree = BUILT_PRODUCTS_DIR; };
		A7C0B78A299BD91800FC9C15 /* Pet_Tracker_Message_AppTests.swift */ = {isa = PBXFileReference; lastKnownFileType = sourcecode.swift; path = Pet_Tracker_Message_AppTests.swift; sourceTree = "<group>"; };
		A7C0B790299BD91800FC9C15 /* Pet Tracker Message AppUITests.xctest */ = {isa = PBXFileReference; explicitFileType = wrapper.cfbundle; includeInIndex = 0; path = "Pet Tracker Message AppUITests.xctest"; sourceTree = BUILT_PRODUCTS_DIR; };
		A7C0B794299BD91800FC9C15 /* Pet_Tracker_Message_AppUITests.swift */ = {isa = PBXFileReference; lastKnownFileType = sourcecode.swift; path = Pet_Tracker_Message_AppUITests.swift; sourceTree = "<group>"; };
		A7C0B796299BD91800FC9C15 /* Pet_Tracker_Message_AppUITestsLaunchTests.swift */ = {isa = PBXFileReference; lastKnownFileType = sourcecode.swift; path = Pet_Tracker_Message_AppUITestsLaunchTests.swift; sourceTree = "<group>"; };
		A7C0B7A3299BDBF800FC9C15 /* BluetoothSerial Class.swift */ = {isa = PBXFileReference; lastKnownFileType = sourcecode.swift; path = "BluetoothSerial Class.swift"; sourceTree = "<group>"; };
		A7E08A69299E790A00360F6F /* MessagesViewController.swift */ = {isa = PBXFileReference; lastKnownFileType = sourcecode.swift; path = MessagesViewController.swift; sourceTree = "<group>"; };
/* End PBXFileReference section */

/* Begin PBXFrameworksBuildPhase section */
		A7C0B76A299BD91500FC9C15 /* Frameworks */ = {
			isa = PBXFrameworksBuildPhase;
			buildActionMask = 2147483647;
			files = (
			);
			runOnlyForDeploymentPostprocessing = 0;
		};
		A7C0B783299BD91700FC9C15 /* Frameworks */ = {
			isa = PBXFrameworksBuildPhase;
			buildActionMask = 2147483647;
			files = (
			);
			runOnlyForDeploymentPostprocessing = 0;
		};
		A7C0B78D299BD91800FC9C15 /* Frameworks */ = {
			isa = PBXFrameworksBuildPhase;
			buildActionMask = 2147483647;
			files = (
			);
			runOnlyForDeploymentPostprocessing = 0;
		};
/* End PBXFrameworksBuildPhase section */

/* Begin PBXGroup section */
		A7C0B764299BD91500FC9C15 = {
			isa = PBXGroup;
			children = (
				A7C0B76F299BD91500FC9C15 /* Pet Tracker Message App */,
				A7C0B789299BD91700FC9C15 /* Pet Tracker Message AppTests */,
				A7C0B793299BD91800FC9C15 /* Pet Tracker Message AppUITests */,
				A7C0B76E299BD91500FC9C15 /* Products */,
			);
			sourceTree = "<group>";
		};
		A7C0B76E299BD91500FC9C15 /* Products */ = {
			isa = PBXGroup;
			children = (
				A7C0B76D299BD91500FC9C15 /* Pet Tracker Message App.app */,
				A7C0B786299BD91700FC9C15 /* Pet Tracker Message AppTests.xctest */,
				A7C0B790299BD91800FC9C15 /* Pet Tracker Message AppUITests.xctest */,
			);
			name = Products;
			sourceTree = "<group>";
		};
		A7C0B76F299BD91500FC9C15 /* Pet Tracker Message App */ = {
			isa = PBXGroup;
			children = (
				A7C0B770299BD91600FC9C15 /* AppDelegate.swift */,
				A7C0B772299BD91600FC9C15 /* SceneDelegate.swift */,
				A7C0B774299BD91600FC9C15 /* ViewController.swift */,
				A7E08A69299E790A00360F6F /* MessagesViewController.swift */,
				A7C0B7A3299BDBF800FC9C15 /* BluetoothSerial Class.swift */,
				A7C0B776299BD91600FC9C15 /* Main.storyboard */,
				A7C0B77C299BD91700FC9C15 /* Assets.xcassets */,
				A7C0B77E299BD91700FC9C15 /* LaunchScreen.storyboard */,
				A7C0B781299BD91700FC9C15 /* Info.plist */,
				A7C0B779299BD91600FC9C15 /* Pet_Tracker_Message_App.xcdatamodeld */,
			);
			path = "Pet Tracker Message App";
			sourceTree = "<group>";
		};
		A7C0B789299BD91700FC9C15 /* Pet Tracker Message AppTests */ = {
			isa = PBXGroup;
			children = (
				A7C0B78A299BD91800FC9C15 /* Pet_Tracker_Message_AppTests.swift */,
			);
			path = "Pet Tracker Message AppTests";
			sourceTree = "<group>";
		};
		A7C0B793299BD91800FC9C15 /* Pet Tracker Message AppUITests */ = {
			isa = PBXGroup;
			children = (
				A7C0B794299BD91800FC9C15 /* Pet_Tracker_Message_AppUITests.swift */,
				A7C0B796299BD91800FC9C15 /* Pet_Tracker_Message_AppUITestsLaunchTests.swift */,
			);
			path = "Pet Tracker Message AppUITests";
			sourceTree = "<group>";
		};
/* End PBXGroup section */

/* Begin PBXNativeTarget section */
		A7C0B76C299BD91500FC9C15 /* Pet Tracker Message App */ = {
			isa = PBXNativeTarget;
			buildConfigurationList = A7C0B79A299BD91800FC9C15 /* Build configuration list for PBXNativeTarget "Pet Tracker Message App" */;
			buildPhases = (
				A7C0B769299BD91500FC9C15 /* Sources */,
				A7C0B76A299BD91500FC9C15 /* Frameworks */,
				A7C0B76B299BD91500FC9C15 /* Resources */,
			);
			buildRules = (
			);
			dependencies = (
			);
			name = "Pet Tracker Message App";
			productName = "Pet Tracker Message App";
			productReference = A7C0B76D299BD91500FC9C15 /* Pet Tracker Message App.app */;
			productType = "com.apple.product-type.application";
		};
		A7C0B785299BD91700FC9C15 /* Pet Tracker Message AppTests */ = {
			isa = PBXNativeTarget;
			buildConfigurationList = A7C0B79D299BD91800FC9C15 /* Build configuration list for PBXNativeTarget "Pet Tracker Message AppTests" */;
			buildPhases = (
				A7C0B782299BD91700FC9C15 /* Sources */,
				A7C0B783299BD91700FC9C15 /* Frameworks */,
				A7C0B784299BD91700FC9C15 /* Resources */,
			);
			buildRules = (
			);
			dependencies = (
				A7C0B788299BD91700FC9C15 /* PBXTargetDependency */,
			);
			name = "Pet Tracker Message AppTests";
			productName = "Pet Tracker Message AppTests";
			productReference = A7C0B786299BD91700FC9C15 /* Pet Tracker Message AppTests.xctest */;
			productType = "com.apple.product-type.bundle.unit-test";
		};
		A7C0B78F299BD91800FC9C15 /* Pet Tracker Message AppUITests */ = {
			isa = PBXNativeTarget;
			buildConfigurationList = A7C0B7A0299BD91800FC9C15 /* Build configuration list for PBXNativeTarget "Pet Tracker Message AppUITests" */;
			buildPhases = (
				A7C0B78C299BD91800FC9C15 /* Sources */,
				A7C0B78D299BD91800FC9C15 /* Frameworks */,
				A7C0B78E299BD91800FC9C15 /* Resources */,
			);
			buildRules = (
			);
			dependencies = (
				A7C0B792299BD91800FC9C15 /* PBXTargetDependency */,
			);
			name = "Pet Tracker Message AppUITests";
			productName = "Pet Tracker Message AppUITests";
			productReference = A7C0B790299BD91800FC9C15 /* Pet Tracker Message AppUITests.xctest */;
			productType = "com.apple.product-type.bundle.ui-testing";
		};
/* End PBXNativeTarget section */

/* Begin PBXProject section */
		A7C0B765299BD91500FC9C15 /* Project object */ = {
			isa = PBXProject;
			attributes = {
				BuildIndependentTargetsInParallel = 1;
				LastSwiftUpdateCheck = 1320;
				LastUpgradeCheck = 1320;
				TargetAttributes = {
					A7C0B76C299BD91500FC9C15 = {
						CreatedOnToolsVersion = 13.2.1;
					};
					A7C0B785299BD91700FC9C15 = {
						CreatedOnToolsVersion = 13.2.1;
						TestTargetID = A7C0B76C299BD91500FC9C15;
					};
					A7C0B78F299BD91800FC9C15 = {
						CreatedOnToolsVersion = 13.2.1;
						TestTargetID = A7C0B76C299BD91500FC9C15;
					};
				};
			};
			buildConfigurationList = A7C0B768299BD91500FC9C15 /* Build configuration list for PBXProject "Pet Tracker Message App" */;
			compatibilityVersion = "Xcode 13.0";
			developmentRegion = en;
			hasScannedForEncodings = 0;
			knownRegions = (
				en,
				Base,
			);
			mainGroup = A7C0B764299BD91500FC9C15;
			productRefGroup = A7C0B76E299BD91500FC9C15 /* Products */;
			projectDirPath = "";
			projectRoot = "";
			targets = (
				A7C0B76C299BD91500FC9C15 /* Pet Tracker Message App */,
				A7C0B785299BD91700FC9C15 /* Pet Tracker Message AppTests */,
				A7C0B78F299BD91800FC9C15 /* Pet Tracker Message AppUITests */,
			);
		};
/* End PBXProject section */

/* Begin PBXResourcesBuildPhase section */
		A7C0B76B299BD91500FC9C15 /* Resources */ = {
			isa = PBXResourcesBuildPhase;
			buildActionMask = 2147483647;
			files = (
				A7C0B780299BD91700FC9C15 /* LaunchScreen.storyboard in Resources */,
				A7C0B77D299BD91700FC9C15 /* Assets.xcassets in Resources */,
				A7C0B778299BD91600FC9C15 /* Main.storyboard in Resources */,
			);
			runOnlyForDeploymentPostprocessing = 0;
		};
		A7C0B784299BD91700FC9C15 /* Resources */ = {
			isa = PBXResourcesBuildPhase;
			buildActionMask = 2147483647;
			files = (
			);
			runOnlyForDeploymentPostprocessing = 0;
		};
		A7C0B78E299BD91800FC9C15 /* Resources */ = {
			isa = PBXResourcesBuildPhase;
			buildActionMask = 2147483647;
			files = (
			);
			runOnlyForDeploymentPostprocessing = 0;
		};
/* End PBXResourcesBuildPhase section */

/* Begin PBXSourcesBuildPhase section */
		A7C0B769299BD91500FC9C15 /* Sources */ = {
			isa = PBXSourcesBuildPhase;
			buildActionMask = 2147483647;
			files = (
				A7E08A6A299E790A00360F6F /* MessagesViewController.swift in Sources */,
				A7C0B7A4299BDBF800FC9C15 /* BluetoothSerial Class.swift in Sources */,
				A7C0B77B299BD91600FC9C15 /* Pet_Tracker_Message_App.xcdatamodeld in Sources */,
				A7C0B775299BD91600FC9C15 /* ViewController.swift in Sources */,
				A7C0B771299BD91600FC9C15 /* AppDelegate.swift in Sources */,
				A7C0B773299BD91600FC9C15 /* SceneDelegate.swift in Sources */,
			);
			runOnlyForDeploymentPostprocessing = 0;
		};
		A7C0B782299BD91700FC9C15 /* Sources */ = {
			isa = PBXSourcesBuildPhase;
			buildActionMask = 2147483647;
			files = (
				A7C0B78B299BD91800FC9C15 /* Pet_Tracker_Message_AppTests.swift in Sources */,
			);
			runOnlyForDeploymentPostprocessing = 0;
		};
		A7C0B78C299BD91800FC9C15 /* Sources */ = {
			isa = PBXSourcesBuildPhase;
			buildActionMask = 2147483647;
			files = (
				A7C0B795299BD91800FC9C15 /* Pet_Tracker_Message_AppUITests.swift in Sources */,
				A7C0B797299BD91800FC9C15 /* Pet_Tracker_Message_AppUITestsLaunchTests.swift in Sources */,
			);
			runOnlyForDeploymentPostprocessing = 0;
		};
/* End PBXSourcesBuildPhase section */

/* Begin PBXTargetDependency section */
		A7C0B788299BD91700FC9C15 /* PBXTargetDependency */ = {
			isa = PBXTargetDependency;
			target = A7C0B76C299BD91500FC9C15 /* Pet Tracker Message App */;
			targetProxy = A7C0B787299BD91700FC9C15 /* PBXContainerItemProxy */;
		};
		A7C0B792299BD91800FC9C15 /* PBXTargetDependency */ = {
			isa = PBXTargetDependency;
			target = A7C0B76C299BD91500FC9C15 /* Pet Tracker Message App */;
			targetProxy = A7C0B791299BD91800FC9C15 /* PBXContainerItemProxy */;
		};
/* End PBXTargetDependency section */

/* Begin PBXVariantGroup section */
		A7C0B776299BD91600FC9C15 /* Main.storyboard */ = {
			isa = PBXVariantGroup;
			children = (
				A7C0B777299BD91600FC9C15 /* Base */,
			);
			name = Main.storyboard;
			sourceTree = "<group>";
		};
		A7C0B77E299BD91700FC9C15 /* LaunchScreen.storyboard */ = {
			isa = PBXVariantGroup;
			children = (
				A7C0B77F299BD91700FC9C15 /* Base */,
			);
			name = LaunchScreen.storyboard;
			sourceTree = "<group>";
		};
/* End PBXVariantGroup section */

/* Begin XCBuildConfiguration section */
		A7C0B798299BD91800FC9C15 /* Debug */ = {
			isa = XCBuildConfiguration;
			buildSettings = {
				ALWAYS_SEARCH_USER_PATHS = NO;
				CLANG_ANALYZER_NONNULL = YES;
				CLANG_ANALYZER_NUMBER_OBJECT_CONVERSION = YES_AGGRESSIVE;
				CLANG_CXX_LANGUAGE_STANDARD = "gnu++17";
				CLANG_CXX_LIBRARY = "libc++";
				CLANG_ENABLE_MODULES = YES;
				CLANG_ENABLE_OBJC_ARC = YES;
				CLANG_ENABLE_OBJC_WEAK = YES;
				CLANG_WARN_BLOCK_CAPTURE_AUTORELEASING = YES;
				CLANG_WARN_BOOL_CONVERSION = YES;
				CLANG_WARN_COMMA = YES;
				CLANG_WARN_CONSTANT_CONVERSION = YES;
				CLANG_WARN_DEPRECATED_OBJC_IMPLEMENTATIONS = YES;
				CLANG_WARN_DIRECT_OBJC_ISA_USAGE = YES_ERROR;
				CLANG_WARN_DOCUMENTATION_COMMENTS = YES;
				CLANG_WARN_EMPTY_BODY = YES;
				CLANG_WARN_ENUM_CONVERSION = YES;
				CLANG_WARN_INFINITE_RECURSION = YES;
				CLANG_WARN_INT_CONVERSION = YES;
				CLANG_WARN_NON_LITERAL_NULL_CONVERSION = YES;
				CLANG_WARN_OBJC_IMPLICIT_RETAIN_SELF = YES;
				CLANG_WARN_OBJC_LITERAL_CONVERSION = YES;
				CLANG_WARN_OBJC_ROOT_CLASS = YES_ERROR;
				CLANG_WARN_QUOTED_INCLUDE_IN_FRAMEWORK_HEADER = YES;
				CLANG_WARN_RANGE_LOOP_ANALYSIS = YES;
				CLANG_WARN_STRICT_PROTOTYPES = YES;
				CLANG_WARN_SUSPICIOUS_MOVE = YES;
				CLANG_WARN_UNGUARDED_AVAILABILITY = YES_AGGRESSIVE;
				CLANG_WARN_UNREACHABLE_CODE = YES;
				CLANG_WARN__DUPLICATE_METHOD_MATCH = YES;
				COPY_PHASE_STRIP = NO;
				DEBUG_INFORMATION_FORMAT = dwarf;
				ENABLE_STRICT_OBJC_MSGSEND = YES;
				ENABLE_TESTABILITY = YES;
				GCC_C_LANGUAGE_STANDARD = gnu11;
				GCC_DYNAMIC_NO_PIC = NO;
				GCC_NO_COMMON_BLOCKS = YES;
				GCC_OPTIMIZATION_LEVEL = 0;
				GCC_PREPROCESSOR_DEFINITIONS = (
					"DEBUG=1",
					"$(inherited)",
				);
				GCC_WARN_64_TO_32_BIT_CONVERSION = YES;
				GCC_WARN_ABOUT_RETURN_TYPE = YES_ERROR;
				GCC_WARN_UNDECLARED_SELECTOR = YES;
				GCC_WARN_UNINITIALIZED_AUTOS = YES_AGGRESSIVE;
				GCC_WARN_UNUSED_FUNCTION = YES;
				GCC_WARN_UNUSED_VARIABLE = YES;
				IPHONEOS_DEPLOYMENT_TARGET = 15.2;
				MTL_ENABLE_DEBUG_INFO = INCLUDE_SOURCE;
				MTL_FAST_MATH = YES;
				ONLY_ACTIVE_ARCH = YES;
				SDKROOT = iphoneos;
				SWIFT_ACTIVE_COMPILATION_CONDITIONS = DEBUG;
				SWIFT_OPTIMIZATION_LEVEL = "-Onone";
			};
			name = Debug;
		};
		A7C0B799299BD91800FC9C15 /* Release */ = {
			isa = XCBuildConfiguration;
			buildSettings = {
				ALWAYS_SEARCH_USER_PATHS = NO;
				CLANG_ANALYZER_NONNULL = YES;
				CLANG_ANALYZER_NUMBER_OBJECT_CONVERSION = YES_AGGRESSIVE;
				CLANG_CXX_LANGUAGE_STANDARD = "gnu++17";
				CLANG_CXX_LIBRARY = "libc++";
				CLANG_ENABLE_MODULES = YES;
				CLANG_ENABLE_OBJC_ARC = YES;
				CLANG_ENABLE_OBJC_WEAK = YES;
				CLANG_WARN_BLOCK_CAPTURE_AUTORELEASING = YES;
				CLANG_WARN_BOOL_CONVERSION = YES;
				CLANG_WARN_COMMA = YES;
				CLANG_WARN_CONSTANT_CONVERSION = YES;
				CLANG_WARN_DEPRECATED_OBJC_IMPLEMENTATIONS = YES;
				CLANG_WARN_DIRECT_OBJC_ISA_USAGE = YES_ERROR;
				CLANG_WARN_DOCUMENTATION_COMMENTS = YES;
				CLANG_WARN_EMPTY_BODY = YES;
				CLANG_WARN_ENUM_CONVERSION = YES;
				CLANG_WARN_INFINITE_RECURSION = YES;
				CLANG_WARN_INT_CONVERSION = YES;
				CLANG_WARN_NON_LITERAL_NULL_CONVERSION = YES;
				CLANG_WARN_OBJC_IMPLICIT_RETAIN_SELF = YES;
				CLANG_WARN_OBJC_LITERAL_CONVERSION = YES;
				CLANG_WARN_OBJC_ROOT_CLASS = YES_ERROR;
				CLANG_WARN_QUOTED_INCLUDE_IN_FRAMEWORK_HEADER = YES;
				CLANG_WARN_RANGE_LOOP_ANALYSIS = YES;
				CLANG_WARN_STRICT_PROTOTYPES = YES;
				CLANG_WARN_SUSPICIOUS_MOVE = YES;
				CLANG_WARN_UNGUARDED_AVAILABILITY = YES_AGGRESSIVE;
				CLANG_WARN_UNREACHABLE_CODE = YES;
				CLANG_WARN__DUPLICATE_METHOD_MATCH = YES;
				COPY_PHASE_STRIP = NO;
				DEBUG_INFORMATION_FORMAT = "dwarf-with-dsym";
				ENABLE_NS_ASSERTIONS = NO;
				ENABLE_STRICT_OBJC_MSGSEND = YES;
				GCC_C_LANGUAGE_STANDARD = gnu11;
				GCC_NO_COMMON_BLOCKS = YES;
				GCC_WARN_64_TO_32_BIT_CONVERSION = YES;
				GCC_WARN_ABOUT_RETURN_TYPE = YES_ERROR;
				GCC_WARN_UNDECLARED_SELECTOR = YES;
				GCC_WARN_UNINITIALIZED_AUTOS = YES_AGGRESSIVE;
				GCC_WARN_UNUSED_FUNCTION = YES;
				GCC_WARN_UNUSED_VARIABLE = YES;
				IPHONEOS_DEPLOYMENT_TARGET = 15.2;
				MTL_ENABLE_DEBUG_INFO = NO;
				MTL_FAST_MATH = YES;
				SDKROOT = iphoneos;
				SWIFT_COMPILATION_MODE = wholemodule;
				SWIFT_OPTIMIZATION_LEVEL = "-O";
				VALIDATE_PRODUCT = YES;
			};
			name = Release;
		};
		A7C0B79B299BD91800FC9C15 /* Debug */ = {
			isa = XCBuildConfiguration;
			buildSettings = {
				ASSETCATALOG_COMPILER_APPICON_NAME = AppIcon;
				ASSETCATALOG_COMPILER_GLOBAL_ACCENT_COLOR_NAME = AccentColor;
				CODE_SIGN_STYLE = Automatic;
				CURRENT_PROJECT_VERSION = 1;
				GENERATE_INFOPLIST_FILE = YES;
				INFOPLIST_FILE = "Pet Tracker Message App/Info.plist";
				INFOPLIST_KEY_UIApplicationSupportsIndirectInputEvents = YES;
				INFOPLIST_KEY_UILaunchStoryboardName = LaunchScreen;
				INFOPLIST_KEY_UIMainStoryboardFile = Main;
				INFOPLIST_KEY_UISupportedInterfaceOrientations_iPad = "UIInterfaceOrientationPortrait UIInterfaceOrientationPortraitUpsideDown UIInterfaceOrientationLandscapeLeft UIInterfaceOrientationLandscapeRight";
				INFOPLIST_KEY_UISupportedInterfaceOrientations_iPhone = "UIInterfaceOrientationPortrait UIInterfaceOrientationLandscapeLeft UIInterfaceOrientationLandscapeRight";
				LD_RUNPATH_SEARCH_PATHS = (
					"$(inherited)",
					"@executable_path/Frameworks",
				);
				MARKETING_VERSION = 1.0;
				PRODUCT_BUNDLE_IDENTIFIER = "Pet-Tracker.Pet-Tracker-Message-App";
				PRODUCT_NAME = "$(TARGET_NAME)";
				SWIFT_EMIT_LOC_STRINGS = YES;
				SWIFT_VERSION = 5.0;
				TARGETED_DEVICE_FAMILY = "1,2";
			};
			name = Debug;
		};
		A7C0B79C299BD91800FC9C15 /* Release */ = {
			isa = XCBuildConfiguration;
			buildSettings = {
				ASSETCATALOG_COMPILER_APPICON_NAME = AppIcon;
				ASSETCATALOG_COMPILER_GLOBAL_ACCENT_COLOR_NAME = AccentColor;
				CODE_SIGN_STYLE = Automatic;
				CURRENT_PROJECT_VERSION = 1;
				GENERATE_INFOPLIST_FILE = YES;
				INFOPLIST_FILE = "Pet Tracker Message App/Info.plist";
				INFOPLIST_KEY_UIApplicationSupportsIndirectInputEvents = YES;
				INFOPLIST_KEY_UILaunchStoryboardName = LaunchScreen;
				INFOPLIST_KEY_UIMainStoryboardFile = Main;
				INFOPLIST_KEY_UISupportedInterfaceOrientations_iPad = "UIInterfaceOrientationPortrait UIInterfaceOrientationPortraitUpsideDown UIInterfaceOrientationLandscapeLeft UIInterfaceOrientationLandscapeRight";
				INFOPLIST_KEY_UISupportedInterfaceOrientations_iPhone = "UIInterfaceOrientationPortrait UIInterfaceOrientationLandscapeLeft UIInterfaceOrientationLandscapeRight";
				LD_RUNPATH_SEARCH_PATHS = (
					"$(inherited)",
					"@executable_path/Frameworks",
				);
				MARKETING_VERSION = 1.0;
				PRODUCT_BUNDLE_IDENTIFIER = "Pet-Tracker.Pet-Tracker-Message-App";
				PRODUCT_NAME = "$(TARGET_NAME)";
				SWIFT_EMIT_LOC_STRINGS = YES;
				SWIFT_VERSION = 5.0;
				TARGETED_DEVICE_FAMILY = "1,2";
			};
			name = Release;
		};
		A7C0B79E299BD91800FC9C15 /* Debug */ = {
			isa = XCBuildConfiguration;
			buildSettings = {
				ALWAYS_EMBED_SWIFT_STANDARD_LIBRARIES = YES;
				BUNDLE_LOADER = "$(TEST_HOST)";
				CODE_SIGN_STYLE = Automatic;
				CURRENT_PROJECT_VERSION = 1;
				GENERATE_INFOPLIST_FILE = YES;
				IPHONEOS_DEPLOYMENT_TARGET = 15.2;
				MARKETING_VERSION = 1.0;
				PRODUCT_BUNDLE_IDENTIFIER = "Pet-Tracker.Pet-Tracker-Message-AppTests";
				PRODUCT_NAME = "$(TARGET_NAME)";
				SWIFT_EMIT_LOC_STRINGS = NO;
				SWIFT_VERSION = 5.0;
				TARGETED_DEVICE_FAMILY = "1,2";
				TEST_HOST = "$(BUILT_PRODUCTS_DIR)/Pet Tracker Message App.app/Pet Tracker Message App";
			};
			name = Debug;
		};
		A7C0B79F299BD91800FC9C15 /* Release */ = {
			isa = XCBuildConfiguration;
			buildSettings = {
				ALWAYS_EMBED_SWIFT_STANDARD_LIBRARIES = YES;
				BUNDLE_LOADER = "$(TEST_HOST)";
				CODE_SIGN_STYLE = Automatic;
				CURRENT_PROJECT_VERSION = 1;
				GENERATE_INFOPLIST_FILE = YES;
				IPHONEOS_DEPLOYMENT_TARGET = 15.2;
				MARKETING_VERSION = 1.0;
				PRODUCT_BUNDLE_IDENTIFIER = "Pet-Tracker.Pet-Tracker-Message-AppTests";
				PRODUCT_NAME = "$(TARGET_NAME)";
				SWIFT_EMIT_LOC_STRINGS = NO;
				SWIFT_VERSION = 5.0;
				TARGETED_DEVICE_FAMILY = "1,2";
				TEST_HOST = "$(BUILT_PRODUCTS_DIR)/Pet Tracker Message App.app/Pet Tracker Message App";
			};
			name = Release;
		};
		A7C0B7A1299BD91800FC9C15 /* Debug */ = {
			isa = XCBuildConfiguration;
			buildSettings = {
				ALWAYS_EMBED_SWIFT_STANDARD_LIBRARIES = YES;
				CODE_SIGN_STYLE = Automatic;
				CURRENT_PROJECT_VERSION = 1;
				GENERATE_INFOPLIST_FILE = YES;
				MARKETING_VERSION = 1.0;
				PRODUCT_BUNDLE_IDENTIFIER = "Pet-Tracker.Pet-Tracker-Message-AppUITests";
				PRODUCT_NAME = "$(TARGET_NAME)";
				SWIFT_EMIT_LOC_STRINGS = NO;
				SWIFT_VERSION = 5.0;
				TARGETED_DEVICE_FAMILY = "1,2";
				TEST_TARGET_NAME = "Pet Tracker Message App";
			};
			name = Debug;
		};
		A7C0B7A2299BD91800FC9C15 /* Release */ = {
			isa = XCBuildConfiguration;
			buildSettings = {
				ALWAYS_EMBED_SWIFT_STANDARD_LIBRARIES = YES;
				CODE_SIGN_STYLE = Automatic;
				CURRENT_PROJECT_VERSION = 1;
				GENERATE_INFOPLIST_FILE = YES;
				MARKETING_VERSION = 1.0;
				PRODUCT_BUNDLE_IDENTIFIER = "Pet-Tracker.Pet-Tracker-Message-AppUITests";
				PRODUCT_NAME = "$(TARGET_NAME)";
				SWIFT_EMIT_LOC_STRINGS = NO;
				SWIFT_VERSION = 5.0;
				TARGETED_DEVICE_FAMILY = "1,2";
				TEST_TARGET_NAME = "Pet Tracker Message App";
			};
			name = Release;
		};
/* End XCBuildConfiguration section */

/* Begin XCConfigurationList section */
		A7C0B768299BD91500FC9C15 /* Build configuration list for PBXProject "Pet Tracker Message App" */ = {
			isa = XCConfigurationList;
			buildConfigurations = (
				A7C0B798299BD91800FC9C15 /* Debug */,
				A7C0B799299BD91800FC9C15 /* Release */,
			);
			defaultConfigurationIsVisible = 0;
			defaultConfigurationName = Release;
		};
		A7C0B79A299BD91800FC9C15 /* Build configuration list for PBXNativeTarget "Pet Tracker Message App" */ = {
			isa = XCConfigurationList;
			buildConfigurations = (
				A7C0B79B299BD91800FC9C15 /* Debug */,
				A7C0B79C299BD91800FC9C15 /* Release */,
			);
			defaultConfigurationIsVisible = 0;
			defaultConfigurationName = Release;
		};
		A7C0B79D299BD91800FC9C15 /* Build configuration list for PBXNativeTarget "Pet Tracker Message AppTests" */ = {
			isa = XCConfigurationList;
			buildConfigurations = (
				A7C0B79E299BD91800FC9C15 /* Debug */,
				A7C0B79F299BD91800FC9C15 /* Release */,
			);
			defaultConfigurationIsVisible = 0;
			defaultConfigurationName = Release;
		};
		A7C0B7A0299BD91800FC9C15 /* Build configuration list for PBXNativeTarget "Pet Tracker Message AppUITests" */ = {
			isa = XCConfigurationList;
			buildConfigurations = (
				A7C0B7A1299BD91800FC9C15 /* Debug */,
				A7C0B7A2299BD91800FC9C15 /* Release */,
			);
			defaultConfigurationIsVisible = 0;
			defaultConfigurationName = Release;
		};
/* End XCConfigurationList section */

/* Begin XCVersionGroup section */
		A7C0B779299BD91600FC9C15 /* Pet_Tracker_Message_App.xcdatamodeld */ = {
			isa = XCVersionGroup;
			children = (
				A7C0B77A299BD91600FC9C15 /* Pet_Tracker_Message_App.xcdatamodel */,
			);
			currentVersion = A7C0B77A299BD91600FC9C15 /* Pet_Tracker_Message_App.xcdatamodel */;
			path = Pet_Tracker_Message_App.xcdatamodeld;
			sourceTree = "<group>";
			versionGroupType = wrapper.xcdatamodel;
		};
/* End XCVersionGroup section */
	};
	rootObject = A7C0B765299BD91500FC9C15 /* Project object */;
}
